# This file is automatically generated by rhiza. Do not edit it manually.
---
sha: dde5707b84c33ae120ac90b3e5cbc9727bc83381
repo: jebel-quant/rhiza
host: github
ref: v0.8.3
include: []
exclude: []
templates:
  - core
  - github
  - book
  - marimo
  - tests
  - legal
synced_at: '2026-03-02T00:03:21Z'
strategy: merge
